{
  "name": "azure-cc",
  "version": "1.0.0",
  "lockfileVersion": 1,
  "requires": true,
  "dependencies": {
    "dotenv": {
      "version": "8.2.0",
      "resolved": "https://registry.npmjs.org/dotenv/-/dotenv-8.2.0.tgz",
      "integrity": "sha512-8sJ78ElpbDJBHNeBzUbUVLsqKdccaa/BXF1uPTw3GrvQTBgrQrtObr2mUrE38vzYd8cEv+m/JBfDLioYcfXoaw=="
    },
    "nodejs": {
      "version": "0.0.0",
      "resolved": "https://registry.npmjs.org/nodejs/-/nodejs-0.0.0.tgz",
      "integrity": "sha1-RyL6LhisTrc6Qq4W0B41hKErdTE="
    }
  }
}
